
Microsoft Visual Studio Solution File, Format Version 12.00
# Visual Studio Version 16
VisualStudioVersion = 16.0.29911.84
MinimumVisualStudioVersion = 10.0.40219.1
Project("{9A19103F-16F7-4668-BE54-9A1E7A4F7556}") = "DNekrasovDB", "DNekrasovDB\DNekrasovDB.csproj", "{A243CA38-6285-4569-8A1A-182C01FD12DC}"
EndProject
Project("{2150E333-8FDC-42A3-9474-1A3956D46DE8}") = "Solution Items", "Solution Items", "{1F1A05F4-291A-4483-BF46-2D08A1C82790}"
	ProjectSection(SolutionItems) = preProject
		.editorconfig = .editorconfig
	EndProjectSection
EndProject
Project("{9A19103F-16F7-4668-BE54-9A1E7A4F7556}") = "GoodNewsBlog", "GoodNewsBlog\GoodNewsBlog.csproj", "{F698D0C2-0F56-4EC8-8208-AEE33E060B15}"
EndProject
Project("{9A19103F-16F7-4668-BE54-9A1E7A4F7556}") = "CQSLibrary", "CQSLibrary\CQSLibrary.csproj", "{04F09C20-2674-4871-A4D5-6E22C6B330C1}"
EndProject
Project("{9A19103F-16F7-4668-BE54-9A1E7A4F7556}") = "Lemmatization", "Lemmatization\Lemmatization.csproj", "{926DB428-5BDC-4B82-9EBA-8817AD17AD8B}"
EndProject
Project("{9A19103F-16F7-4668-BE54-9A1E7A4F7556}") = "GoodNewsClient", "GoodNewsClient\GoodNewsClient.csproj", "{9BC94953-F026-44FD-9E00-79177445A0B3}"
EndProject
Project("{FAE04EC0-301F-11D3-BF4B-00C04F79EFBC}") = "Models", "Models\Models.csproj", "{D6AF6FEA-AE97-4772-A278-68C5020C8509}"
EndProject
Project("{FAE04EC0-301F-11D3-BF4B-00C04F79EFBC}") = "NewsService", "NewsService\NewsService.csproj", "{EE3914F2-293E-4461-92F6-E40961F2F631}"
EndProject
Project("{FAE04EC0-301F-11D3-BF4B-00C04F79EFBC}") = "UnitOfWork", "UnitOfWork\UnitOfWork.csproj", "{71635A1C-A4BD-4504-A1CA-4BEEF8984B55}"
EndProject
Global
	GlobalSection(SolutionConfigurationPlatforms) = preSolution
		Debug|Any CPU = Debug|Any CPU
		Release|Any CPU = Release|Any CPU
	EndGlobalSection
	GlobalSection(ProjectConfigurationPlatforms) = postSolution
		{A243CA38-6285-4569-8A1A-182C01FD12DC}.Debug|Any CPU.ActiveCfg = Debug|Any CPU
		{A243CA38-6285-4569-8A1A-182C01FD12DC}.Debug|Any CPU.Build.0 = Debug|Any CPU
		{A243CA38-6285-4569-8A1A-182C01FD12DC}.Release|Any CPU.ActiveCfg = Release|Any CPU
		{A243CA38-6285-4569-8A1A-182C01FD12DC}.Release|Any CPU.Build.0 = Release|Any CPU
		{F698D0C2-0F56-4EC8-8208-AEE33E060B15}.Debug|Any CPU.ActiveCfg = Debug|Any CPU
		{F698D0C2-0F56-4EC8-8208-AEE33E060B15}.Debug|Any CPU.Build.0 = Debug|Any CPU
		{F698D0C2-0F56-4EC8-8208-AEE33E060B15}.Release|Any CPU.ActiveCfg = Release|Any CPU
		{F698D0C2-0F56-4EC8-8208-AEE33E060B15}.Release|Any CPU.Build.0 = Release|Any CPU
		{04F09C20-2674-4871-A4D5-6E22C6B330C1}.Debug|Any CPU.ActiveCfg = Debug|Any CPU
		{04F09C20-2674-4871-A4D5-6E22C6B330C1}.Debug|Any CPU.Build.0 = Debug|Any CPU
		{04F09C20-2674-4871-A4D5-6E22C6B330C1}.Release|Any CPU.ActiveCfg = Release|Any CPU
		{04F09C20-2674-4871-A4D5-6E22C6B330C1}.Release|Any CPU.Build.0 = Release|Any CPU
		{926DB428-5BDC-4B82-9EBA-8817AD17AD8B}.Debug|Any CPU.ActiveCfg = Debug|Any CPU
		{926DB428-5BDC-4B82-9EBA-8817AD17AD8B}.Debug|Any CPU.Build.0 = Debug|Any CPU
		{926DB428-5BDC-4B82-9EBA-8817AD17AD8B}.Release|Any CPU.ActiveCfg = Release|Any CPU
		{926DB428-5BDC-4B82-9EBA-8817AD17AD8B}.Release|Any CPU.Build.0 = Release|Any CPU
		{9BC94953-F026-44FD-9E00-79177445A0B3}.Debug|Any CPU.ActiveCfg = Debug|Any CPU
		{9BC94953-F026-44FD-9E00-79177445A0B3}.Debug|Any CPU.Build.0 = Debug|Any CPU
		{9BC94953-F026-44FD-9E00-79177445A0B3}.Release|Any CPU.ActiveCfg = Release|Any CPU
		{9BC94953-F026-44FD-9E00-79177445A0B3}.Release|Any CPU.Build.0 = Release|Any CPU
		{D6AF6FEA-AE97-4772-A278-68C5020C8509}.Debug|Any CPU.ActiveCfg = Debug|Any CPU
		{D6AF6FEA-AE97-4772-A278-68C5020C8509}.Debug|Any CPU.Build.0 = Debug|Any CPU
		{D6AF6FEA-AE97-4772-A278-68C5020C8509}.Release|Any CPU.ActiveCfg = Release|Any CPU
		{D6AF6FEA-AE97-4772-A278-68C5020C8509}.Release|Any CPU.Build.0 = Release|Any CPU
		{EE3914F2-293E-4461-92F6-E40961F2F631}.Debug|Any CPU.ActiveCfg = Debug|Any CPU
		{EE3914F2-293E-4461-92F6-E40961F2F631}.Debug|Any CPU.Build.0 = Debug|Any CPU
		{EE3914F2-293E-4461-92F6-E40961F2F631}.Release|Any CPU.ActiveCfg = Release|Any CPU
		{EE3914F2-293E-4461-92F6-E40961F2F631}.Release|Any CPU.Build.0 = Release|Any CPU
		{71635A1C-A4BD-4504-A1CA-4BEEF8984B55}.Debug|Any CPU.ActiveCfg = Debug|Any CPU
		{71635A1C-A4BD-4504-A1CA-4BEEF8984B55}.Debug|Any CPU.Build.0 = Debug|Any CPU
		{71635A1C-A4BD-4504-A1CA-4BEEF8984B55}.Release|Any CPU.ActiveCfg = Release|Any CPU
		{71635A1C-A4BD-4504-A1CA-4BEEF8984B55}.Release|Any CPU.Build.0 = Release|Any CPU
	EndGlobalSection
	GlobalSection(SolutionProperties) = preSolution
		HideSolutionNode = FALSE
	EndGlobalSection
	GlobalSection(ExtensibilityGlobals) = postSolution
		SolutionGuid = {07C08C1F-298A-4F9E-BF78-2FCB03C5D251}
	EndGlobalSection
EndGlobal
