
Microsoft Visual Studio Solution File, Format Version 12.00
# Visual Studio Version 16
VisualStudioVersion = 16.0.29911.84
MinimumVisualStudioVersion = 10.0.40219.1
Project("{FAE04EC0-301F-11D3-BF4B-00C04F79EFBC}") = "Hotel", "Hotel\Hotel.csproj", "{1408252A-4D97-47D5-961F-8F850DD23161}"
EndProject
Project("{FAE04EC0-301F-11D3-BF4B-00C04F79EFBC}") = "Model", "ClassLibrary1\Model.csproj", "{A53CC382-95D7-4FCA-8C73-BFAF2BA24741}"
EndProject
Project("{FAE04EC0-301F-11D3-BF4B-00C04F79EFBC}") = "Repository", "Repository\Repository.csproj", "{0791224E-03E5-4B34-A022-7BA11AA971AB}"
EndProject
Project("{FAE04EC0-301F-11D3-BF4B-00C04F79EFBC}") = "Service", "Service\Service.csproj", "{7E0D11F1-3F6F-4BE3-AD5D-90C9680F76D9}"
EndProject
Global
	GlobalSection(SolutionConfigurationPlatforms) = preSolution
		Debug|Any CPU = Debug|Any CPU
		Release|Any CPU = Release|Any CPU
	EndGlobalSection
	GlobalSection(ProjectConfigurationPlatforms) = postSolution
		{1408252A-4D97-47D5-961F-8F850DD23161}.Debug|Any CPU.ActiveCfg = Debug|Any CPU
		{1408252A-4D97-47D5-961F-8F850DD23161}.Debug|Any CPU.Build.0 = Debug|Any CPU
		{1408252A-4D97-47D5-961F-8F850DD23161}.Release|Any CPU.ActiveCfg = Release|Any CPU
		{1408252A-4D97-47D5-961F-8F850DD23161}.Release|Any CPU.Build.0 = Release|Any CPU
		{A53CC382-95D7-4FCA-8C73-BFAF2BA24741}.Debug|Any CPU.ActiveCfg = Debug|Any CPU
		{A53CC382-95D7-4FCA-8C73-BFAF2BA24741}.Debug|Any CPU.Build.0 = Debug|Any CPU
		{A53CC382-95D7-4FCA-8C73-BFAF2BA24741}.Release|Any CPU.ActiveCfg = Release|Any CPU
		{A53CC382-95D7-4FCA-8C73-BFAF2BA24741}.Release|Any CPU.Build.0 = Release|Any CPU
		{0791224E-03E5-4B34-A022-7BA11AA971AB}.Debug|Any CPU.ActiveCfg = Debug|Any CPU
		{0791224E-03E5-4B34-A022-7BA11AA971AB}.Debug|Any CPU.Build.0 = Debug|Any CPU
		{0791224E-03E5-4B34-A022-7BA11AA971AB}.Release|Any CPU.ActiveCfg = Release|Any CPU
		{0791224E-03E5-4B34-A022-7BA11AA971AB}.Release|Any CPU.Build.0 = Release|Any CPU
		{7E0D11F1-3F6F-4BE3-AD5D-90C9680F76D9}.Debug|Any CPU.ActiveCfg = Debug|Any CPU
		{7E0D11F1-3F6F-4BE3-AD5D-90C9680F76D9}.Debug|Any CPU.Build.0 = Debug|Any CPU
		{7E0D11F1-3F6F-4BE3-AD5D-90C9680F76D9}.Release|Any CPU.ActiveCfg = Release|Any CPU
		{7E0D11F1-3F6F-4BE3-AD5D-90C9680F76D9}.Release|Any CPU.Build.0 = Release|Any CPU
	EndGlobalSection
	GlobalSection(SolutionProperties) = preSolution
		HideSolutionNode = FALSE
	EndGlobalSection
	GlobalSection(ExtensibilityGlobals) = postSolution
		SolutionGuid = {C03A61E9-2F6E-49D2-9D08-09556546788C}
	EndGlobalSection
EndGlobal
